// !$*UTF8*$!
{
	archiveVersion = 1;
	classes = {
	};
	objectVersion = 48;
	objects = {

/* Begin PBXBuildFile section */
		952A87E91FD599A700D2BA6D /* FeedViewController.swift in Sources */ = {isa = PBXBuildFile; fileRef = 952A87E81FD599A700D2BA6D /* FeedViewController.swift */; };
		95682DD21FD6B7FE0079D541 /* PhotoDetails.storyboard in Resources */ = {isa = PBXBuildFile; fileRef = 95682DD11FD6B7FE0079D541 /* PhotoDetails.storyboard */; };
		95682DD41FD6B8A60079D541 /* AlbumsAndProfiles.storyboard in Resources */ = {isa = PBXBuildFile; fileRef = 95682DD31FD6B8A60079D541 /* AlbumsAndProfiles.storyboard */; };
		959877AD1FD1A3440060300C /* UIView.swift in Sources */ = {isa = PBXBuildFile; fileRef = 959877AC1FD1A3440060300C /* UIView.swift */; };
		959877AF1FD1A7510060300C /* PhotoViewController.swift in Sources */ = {isa = PBXBuildFile; fileRef = 959877AE1FD1A7510060300C /* PhotoViewController.swift */; };
		95DAB4E91FD17F0400ACA156 /* AppDelegate.swift in Sources */ = {isa = PBXBuildFile; fileRef = 95DAB4E81FD17F0400ACA156 /* AppDelegate.swift */; };
		95DAB4EB1FD17F0400ACA156 /* ViewControllers.swift in Sources */ = {isa = PBXBuildFile; fileRef = 95DAB4EA1FD17F0400ACA156 /* ViewControllers.swift */; };
		95DAB4EE1FD17F0400ACA156 /* Main.storyboard in Resources */ = {isa = PBXBuildFile; fileRef = 95DAB4EC1FD17F0400ACA156 /* Main.storyboard */; };
		95DAB4F01FD17F0400ACA156 /* Assets.xcassets in Resources */ = {isa = PBXBuildFile; fileRef = 95DAB4EF1FD17F0400ACA156 /* Assets.xcassets */; };
		95DAB4F31FD17F0400ACA156 /* LaunchScreen.storyboard in Resources */ = {isa = PBXBuildFile; fileRef = 95DAB4F11FD17F0400ACA156 /* LaunchScreen.storyboard */; };
		95DD862D1FD1DEE9009AB4D9 /* CommentsViewController.swift in Sources */ = {isa = PBXBuildFile; fileRef = 95DD862C1FD1DEE9009AB4D9 /* CommentsViewController.swift */; };
/* End PBXBuildFile section */

/* Begin PBXFileReference section */
		952A87E81FD599A700D2BA6D /* FeedViewController.swift */ = {isa = PBXFileReference; lastKnownFileType = sourcecode.swift; path = FeedViewController.swift; sourceTree = "<group>"; };
		95682DD11FD6B7FE0079D541 /* PhotoDetails.storyboard */ = {isa = PBXFileReference; lastKnownFileType = file.storyboard; path = PhotoDetails.storyboard; sourceTree = "<group>"; };
		95682DD31FD6B8A60079D541 /* AlbumsAndProfiles.storyboard */ = {isa = PBXFileReference; lastKnownFileType = file.storyboard; path = AlbumsAndProfiles.storyboard; sourceTree = "<group>"; };
		959877AC1FD1A3440060300C /* UIView.swift */ = {isa = PBXFileReference; fileEncoding = 4; lastKnownFileType = sourcecode.swift; path = UIView.swift; sourceTree = "<group>"; };
		959877AE1FD1A7510060300C /* PhotoViewController.swift */ = {isa = PBXFileReference; lastKnownFileType = sourcecode.swift; path = PhotoViewController.swift; sourceTree = "<group>"; };
		95DAB4E51FD17F0400ACA156 /* Photos.app */ = {isa = PBXFileReference; explicitFileType = wrapper.application; includeInIndex = 0; path = Photos.app; sourceTree = BUILT_PRODUCTS_DIR; };
		95DAB4E81FD17F0400ACA156 /* AppDelegate.swift */ = {isa = PBXFileReference; lastKnownFileType = sourcecode.swift; path = AppDelegate.swift; sourceTree = "<group>"; };
		95DAB4EA1FD17F0400ACA156 /* ViewControllers.swift */ = {isa = PBXFileReference; lastKnownFileType = sourcecode.swift; path = ViewControllers.swift; sourceTree = "<group>"; };
		95DAB4ED1FD17F0400ACA156 /* Base */ = {isa = PBXFileReference; lastKnownFileType = file.storyboard; name = Base; path = Base.lproj/Main.storyboard; sourceTree = "<group>"; };
		95DAB4EF1FD17F0400ACA156 /* Assets.xcassets */ = {isa = PBXFileReference; lastKnownFileType = folder.assetcatalog; path = Assets.xcassets; sourceTree = "<group>"; };
		95DAB4F21FD17F0400ACA156 /* Base */ = {isa = PBXFileReference; lastKnownFileType = file.storyboard; name = Base; path = Base.lproj/LaunchScreen.storyboard; sourceTree = "<group>"; };
		95DAB4F41FD17F0400ACA156 /* Info.plist */ = {isa = PBXFileReference; lastKnownFileType = text.plist.xml; path = Info.plist; sourceTree = "<group>"; };
		95DD862C1FD1DEE9009AB4D9 /* CommentsViewController.swift */ = {isa = PBXFileReference; lastKnownFileType = sourcecode.swift; path = CommentsViewController.swift; sourceTree = "<group>"; };
/* End PBXFileReference section */

/* Begin PBXFrameworksBuildPhase section */
		95DAB4E21FD17F0400ACA156 /* Frameworks */ = {
			isa = PBXFrameworksBuildPhase;
			buildActionMask = 2147483647;
			files = (
			);
			runOnlyForDeploymentPostprocessing = 0;
		};
/* End PBXFrameworksBuildPhase section */

/* Begin PBXGroup section */
		95DAB4DC1FD17F0400ACA156 = {
			isa = PBXGroup;
			children = (
				95DAB4E71FD17F0400ACA156 /* Photos */,
				95DAB4E61FD17F0400ACA156 /* Products */,
			);
			sourceTree = "<group>";
		};
		95DAB4E61FD17F0400ACA156 /* Products */ = {
			isa = PBXGroup;
			children = (
				95DAB4E51FD17F0400ACA156 /* Photos.app */,
			);
			name = Products;
			sourceTree = "<group>";
		};
		95DAB4E71FD17F0400ACA156 /* Photos */ = {
			isa = PBXGroup;
			children = (
				95DAB4E81FD17F0400ACA156 /* AppDelegate.swift */,
				95DAB4EC1FD17F0400ACA156 /* Main.storyboard */,
				95682DD31FD6B8A60079D541 /* AlbumsAndProfiles.storyboard */,
				95682DD11FD6B7FE0079D541 /* PhotoDetails.storyboard */,
				95DAB4EF1FD17F0400ACA156 /* Assets.xcassets */,
				95DAB4F11FD17F0400ACA156 /* LaunchScreen.storyboard */,
				959877AC1FD1A3440060300C /* UIView.swift */,
				95DAB4EA1FD17F0400ACA156 /* ViewControllers.swift */,
				959877AE1FD1A7510060300C /* PhotoViewController.swift */,
				95DD862C1FD1DEE9009AB4D9 /* CommentsViewController.swift */,
				952A87E81FD599A700D2BA6D /* FeedViewController.swift */,
				95DAB4F41FD17F0400ACA156 /* Info.plist */,
			);
			path = Photos;
			sourceTree = "<group>";
		};
/* End PBXGroup section */

/* Begin PBXNativeTarget section */
		95DAB4E41FD17F0400ACA156 /* Photos */ = {
			isa = PBXNativeTarget;
			buildConfigurationList = 95DAB4F71FD17F0400ACA156 /* Build configuration list for PBXNativeTarget "Photos" */;
			buildPhases = (
				95DAB4E11FD17F0400ACA156 /* Sources */,
				95DAB4E21FD17F0400ACA156 /* Frameworks */,
				95DAB4E31FD17F0400ACA156 /* Resources */,
			);
			buildRules = (
			);
			dependencies = (
			);
			name = Photos;
			productName = Photos;
			productReference = 95DAB4E51FD17F0400ACA156 /* Photos.app */;
			productType = "com.apple.product-type.application";
		};
/* End PBXNativeTarget section */

/* Begin PBXProject section */
		95DAB4DD1FD17F0400ACA156 /* Project object */ = {
			isa = PBXProject;
			attributes = {
				LastSwiftUpdateCheck = 0910;
				LastUpgradeCheck = 0910;
				ORGANIZATIONNAME = "Matteo Manferdini";
				TargetAttributes = {
					95DAB4E41FD17F0400ACA156 = {
						CreatedOnToolsVersion = 9.1;
						ProvisioningStyle = Automatic;
					};
				};
			};
			buildConfigurationList = 95DAB4E01FD17F0400ACA156 /* Build configuration list for PBXProject "Photos" */;
			compatibilityVersion = "Xcode 8.0";
			developmentRegion = en;
			hasScannedForEncodings = 0;
			knownRegions = (
				en,
				Base,
			);
			mainGroup = 95DAB4DC1FD17F0400ACA156;
			productRefGroup = 95DAB4E61FD17F0400ACA156 /* Products */;
			projectDirPath = "";
			projectRoot = "";
			targets = (
				95DAB4E41FD17F0400ACA156 /* Photos */,
			);
		};
/* End PBXProject section */

/* Begin PBXResourcesBuildPhase section */
		95DAB4E31FD17F0400ACA156 /* Resources */ = {
			isa = PBXResourcesBuildPhase;
			buildActionMask = 2147483647;
			files = (
				95DAB4F31FD17F0400ACA156 /* LaunchScreen.storyboard in Resources */,
				95DAB4F01FD17F0400ACA156 /* Assets.xcassets in Resources */,
				95682DD21FD6B7FE0079D541 /* PhotoDetails.storyboard in Resources */,
				95682DD41FD6B8A60079D541 /* AlbumsAndProfiles.storyboard in Resources */,
				95DAB4EE1FD17F0400ACA156 /* Main.storyboard in Resources */,
			);
			runOnlyForDeploymentPostprocessing = 0;
		};
/* End PBXResourcesBuildPhase section */

/* Begin PBXSourcesBuildPhase section */
		95DAB4E11FD17F0400ACA156 /* Sources */ = {
			isa = PBXSourcesBuildPhase;
			buildActionMask = 2147483647;
			files = (
				95DAB4EB1FD17F0400ACA156 /* ViewControllers.swift in Sources */,
				959877AF1FD1A7510060300C /* PhotoViewController.swift in Sources */,
				959877AD1FD1A3440060300C /* UIView.swift in Sources */,
				95DD862D1FD1DEE9009AB4D9 /* CommentsViewController.swift in Sources */,
				952A87E91FD599A700D2BA6D /* FeedViewController.swift in Sources */,
				95DAB4E91FD17F0400ACA156 /* AppDelegate.swift in Sources */,
			);
			runOnlyForDeploymentPostprocessing = 0;
		};
/* End PBXSourcesBuildPhase section */

/* Begin PBXVariantGroup section */
		95DAB4EC1FD17F0400ACA156 /* Main.storyboard */ = {
			isa = PBXVariantGroup;
			children = (
				95DAB4ED1FD17F0400ACA156 /* Base */,
			);
			name = Main.storyboard;
			sourceTree = "<group>";
		};
		95DAB4F11FD17F0400ACA156 /* LaunchScreen.storyboard */ = {
			isa = PBXVariantGroup;
			children = (
				95DAB4F21FD17F0400ACA156 /* Base */,
			);
			name = LaunchScreen.storyboard;
			sourceTree = "<group>";
		};
/* End PBXVariantGroup section */

/* Begin XCBuildConfiguration section */
		95DAB4F51FD17F0400ACA156 /* Debug */ = {
			isa = XCBuildConfiguration;
			buildSettings = {
				ALWAYS_SEARCH_USER_PATHS = NO;
				CLANG_ANALYZER_NONNULL = YES;
				CLANG_ANALYZER_NUMBER_OBJECT_CONVERSION = YES_AGGRESSIVE;
				CLANG_CXX_LANGUAGE_STANDARD = "gnu++14";
				CLANG_CXX_LIBRARY = "libc++";
				CLANG_ENABLE_MODULES = YES;
				CLANG_ENABLE_OBJC_ARC = YES;
				CLANG_WARN_BLOCK_CAPTURE_AUTORELEASING = YES;
				CLANG_WARN_BOOL_CONVERSION = YES;
				CLANG_WARN_COMMA = YES;
				CLANG_WARN_CONSTANT_CONVERSION = YES;
				CLANG_WARN_DIRECT_OBJC_ISA_USAGE = YES_ERROR;
				CLANG_WARN_DOCUMENTATION_COMMENTS = YES;
				CLANG_WARN_EMPTY_BODY = YES;
				CLANG_WARN_ENUM_CONVERSION = YES;
				CLANG_WARN_INFINITE_RECURSION = YES;
				CLANG_WARN_INT_CONVERSION = YES;
				CLANG_WARN_NON_LITERAL_NULL_CONVERSION = YES;
				CLANG_WARN_OBJC_LITERAL_CONVERSION = YES;
				CLANG_WARN_OBJC_ROOT_CLASS = YES_ERROR;
				CLANG_WARN_RANGE_LOOP_ANALYSIS = YES;
				CLANG_WARN_STRICT_PROTOTYPES = YES;
				CLANG_WARN_SUSPICIOUS_MOVE = YES;
				CLANG_WARN_UNGUARDED_AVAILABILITY = YES_AGGRESSIVE;
				CLANG_WARN_UNREACHABLE_CODE = YES;
				CLANG_WARN__DUPLICATE_METHOD_MATCH = YES;
				CODE_SIGN_IDENTITY = "iPhone Developer";
				COPY_PHASE_STRIP = NO;
				DEBUG_INFORMATION_FORMAT = dwarf;
				ENABLE_STRICT_OBJC_MSGSEND = YES;
				ENABLE_TESTABILITY = YES;
				GCC_C_LANGUAGE_STANDARD = gnu11;
				GCC_DYNAMIC_NO_PIC = NO;
				GCC_NO_COMMON_BLOCKS = YES;
				GCC_OPTIMIZATION_LEVEL = 0;
				GCC_PREPROCESSOR_DEFINITIONS = (
					"DEBUG=1",
					"$(inherited)",
				);
				GCC_WARN_64_TO_32_BIT_CONVERSION = YES;
				GCC_WARN_ABOUT_RETURN_TYPE = YES_ERROR;
				GCC_WARN_UNDECLARED_SELECTOR = YES;
				GCC_WARN_UNINITIALIZED_AUTOS = YES_AGGRESSIVE;
				GCC_WARN_UNUSED_FUNCTION = YES;
				GCC_WARN_UNUSED_VARIABLE = YES;
				IPHONEOS_DEPLOYMENT_TARGET = 11.1;
				MTL_ENABLE_DEBUG_INFO = YES;
				ONLY_ACTIVE_ARCH = YES;
				SDKROOT = iphoneos;
				SWIFT_ACTIVE_COMPILATION_CONDITIONS = DEBUG;
				SWIFT_OPTIMIZATION_LEVEL = "-Onone";
			};
			name = Debug;
		};
		95DAB4F61FD17F0400ACA156 /* Release */ = {
			isa = XCBuildConfiguration;
			buildSettings = {
				ALWAYS_SEARCH_USER_PATHS = NO;
				CLANG_ANALYZER_NONNULL = YES;
				CLANG_ANALYZER_NUMBER_OBJECT_CONVERSION = YES_AGGRESSIVE;
				CLANG_CXX_LANGUAGE_STANDARD = "gnu++14";
				CLANG_CXX_LIBRARY = "libc++";
				CLANG_ENABLE_MODULES = YES;
				CLANG_ENABLE_OBJC_ARC = YES;
				CLANG_WARN_BLOCK_CAPTURE_AUTORELEASING = YES;
				CLANG_WARN_BOOL_CONVERSION = YES;
				CLANG_WARN_COMMA = YES;
				CLANG_WARN_CONSTANT_CONVERSION = YES;
				CLANG_WARN_DIRECT_OBJC_ISA_USAGE = YES_ERROR;
				CLANG_WARN_DOCUMENTATION_COMMENTS = YES;
				CLANG_WARN_EMPTY_BODY = YES;
				CLANG_WARN_ENUM_CONVERSION = YES;
				CLANG_WARN_INFINITE_RECURSION = YES;
				CLANG_WARN_INT_CONVERSION = YES;
				CLANG_WARN_NON_LITERAL_NULL_CONVERSION = YES;
				CLANG_WARN_OBJC_LITERAL_CONVERSION = YES;
				CLANG_WARN_OBJC_ROOT_CLASS = YES_ERROR;
				CLANG_WARN_RANGE_LOOP_ANALYSIS = YES;
				CLANG_WARN_STRICT_PROTOTYPES = YES;
				CLANG_WARN_SUSPICIOUS_MOVE = YES;
				CLANG_WARN_UNGUARDED_AVAILABILITY = YES_AGGRESSIVE;
				CLANG_WARN_UNREACHABLE_CODE = YES;
				CLANG_WARN__DUPLICATE_METHOD_MATCH = YES;
				CODE_SIGN_IDENTITY = "iPhone Developer";
				COPY_PHASE_STRIP = NO;
				DEBUG_INFORMATION_FORMAT = "dwarf-with-dsym";
				ENABLE_NS_ASSERTIONS = NO;
				ENABLE_STRICT_OBJC_MSGSEND = YES;
				GCC_C_LANGUAGE_STANDARD = gnu11;
				GCC_NO_COMMON_BLOCKS = YES;
				GCC_WARN_64_TO_32_BIT_CONVERSION = YES;
				GCC_WARN_ABOUT_RETURN_TYPE = YES_ERROR;
				GCC_WARN_UNDECLARED_SELECTOR = YES;
				GCC_WARN_UNINITIALIZED_AUTOS = YES_AGGRESSIVE;
				GCC_WARN_UNUSED_FUNCTION = YES;
				GCC_WARN_UNUSED_VARIABLE = YES;
				IPHONEOS_DEPLOYMENT_TARGET = 11.1;
				MTL_ENABLE_DEBUG_INFO = NO;
				SDKROOT = iphoneos;
				SWIFT_OPTIMIZATION_LEVEL = "-Owholemodule";
				VALIDATE_PRODUCT = YES;
			};
			name = Release;
		};
		95DAB4F81FD17F0400ACA156 /* Debug */ = {
			isa = XCBuildConfiguration;
			buildSettings = {
				ASSETCATALOG_COMPILER_APPICON_NAME = AppIcon;
				CODE_SIGN_STYLE = Automatic;
				INFOPLIST_FILE = Photos/Info.plist;
				LD_RUNPATH_SEARCH_PATHS = "$(inherited) @executable_path/Frameworks";
				PRODUCT_BUNDLE_IDENTIFIER = com.matteomanferdini.Photos;
				PRODUCT_NAME = "$(TARGET_NAME)";
				SWIFT_VERSION = 4.0;
				TARGETED_DEVICE_FAMILY = "1,2";
			};
			name = Debug;
		};
		95DAB4F91FD17F0400ACA156 /* Release */ = {
			isa = XCBuildConfiguration;
			buildSettings = {
				ASSETCATALOG_COMPILER_APPICON_NAME = AppIcon;
				CODE_SIGN_STYLE = Automatic;
				INFOPLIST_FILE = Photos/Info.plist;
				LD_RUNPATH_SEARCH_PATHS = "$(inherited) @executable_path/Frameworks";
				PRODUCT_BUNDLE_IDENTIFIER = com.matteomanferdini.Photos;
				PRODUCT_NAME = "$(TARGET_NAME)";
				SWIFT_VERSION = 4.0;
				TARGETED_DEVICE_FAMILY = "1,2";
			};
			name = Release;
		};
/* End XCBuildConfiguration section */

/* Begin XCConfigurationList section */
		95DAB4E01FD17F0400ACA156 /* Build configuration list for PBXProject "Photos" */ = {
			isa = XCConfigurationList;
			buildConfigurations = (
				95DAB4F51FD17F0400ACA156 /* Debug */,
				95DAB4F61FD17F0400ACA156 /* Release */,
			);
			defaultConfigurationIsVisible = 0;
			defaultConfigurationName = Release;
		};
		95DAB4F71FD17F0400ACA156 /* Build configuration list for PBXNativeTarget "Photos" */ = {
			isa = XCConfigurationList;
			buildConfigurations = (
				95DAB4F81FD17F0400ACA156 /* Debug */,
				95DAB4F91FD17F0400ACA156 /* Release */,
			);
			defaultConfigurationIsVisible = 0;
			defaultConfigurationName = Release;
		};
/* End XCConfigurationList section */
	};
	rootObject = 95DAB4DD1FD17F0400ACA156 /* Project object */;
}
